
Microsoft Visual Studio Solution File, Format Version 12.00
# Visual Studio 15
VisualStudioVersion = 15.0.28307.106
MinimumVisualStudioVersion = 10.0.40219.1
Project("{FAE04EC0-301F-11D3-BF4B-00C04F79EFBC}") = "NetExamChatClient", "NetExamChatClient\NetExamChatClient.csproj", "{07DFD674-453D-4EC6-BE32-F5B8F997F676}"
EndProject
Global
	GlobalSection(SolutionConfigurationPlatforms) = preSolution
		Debug|Any CPU = Debug|Any CPU
		Release|Any CPU = Release|Any CPU
	EndGlobalSection
	GlobalSection(ProjectConfigurationPlatforms) = postSolution
		{07DFD674-453D-4EC6-BE32-F5B8F997F676}.Debug|Any CPU.ActiveCfg = Debug|Any CPU
		{07DFD674-453D-4EC6-BE32-F5B8F997F676}.Debug|Any CPU.Build.0 = Debug|Any CPU
		{07DFD674-453D-4EC6-BE32-F5B8F997F676}.Release|Any CPU.ActiveCfg = Release|Any CPU
		{07DFD674-453D-4EC6-BE32-F5B8F997F676}.Release|Any CPU.Build.0 = Release|Any CPU
	EndGlobalSection
	GlobalSection(SolutionProperties) = preSolution
		HideSolutionNode = FALSE
	EndGlobalSection
	GlobalSection(ExtensibilityGlobals) = postSolution
		SolutionGuid = {83D14D27-7ABF-4415-8B67-73CC2AF9811E}
	EndGlobalSection
EndGlobal
